// !$*UTF8*$!
{
	archiveVersion = 1;
	classes = {
	};
	objectVersion = 46;
	objects = {

/* Begin PBXBuildFile section */
		9A23E2BD1C0268E7004AB17C /* RootViewController.swift in Sources */ = {isa = PBXBuildFile; fileRef = 9A23E2BC1C0268E7004AB17C /* RootViewController.swift */; };
		9A23E2BF1C0283AD004AB17C /* InitialView.swift in Sources */ = {isa = PBXBuildFile; fileRef = 9A23E2BE1C0283AD004AB17C /* InitialView.swift */; };
		9A307CAB1C17E5A30009EC9B /* ChainModelStore.swift in Sources */ = {isa = PBXBuildFile; fileRef = 9A307CAA1C17E5A30009EC9B /* ChainModelStore.swift */; };
		9AA6BFAB1C025FAB000F42F4 /* AppDelegate.swift in Sources */ = {isa = PBXBuildFile; fileRef = 9AA6BFAA1C025FAB000F42F4 /* AppDelegate.swift */; };
		9AA6BFAD1C025FAB000F42F4 /* Chainlink-Prefix.pch in Resources */ = {isa = PBXBuildFile; fileRef = 9AA6BFAC1C025FAB000F42F4 /* Chainlink-Prefix.pch */; };
		9AA6BFAF1C025FAB000F42F4 /* Assets.xcassets in Resources */ = {isa = PBXBuildFile; fileRef = 9AA6BFAE1C025FAB000F42F4 /* Assets.xcassets */; };
		9AA6BFB21C025FAB000F42F4 /* LaunchScreen.storyboard in Resources */ = {isa = PBXBuildFile; fileRef = 9AA6BFB01C025FAB000F42F4 /* LaunchScreen.storyboard */; };
		9AEA2EA71C13D3CD0075654E /* ChainViewController.swift in Sources */ = {isa = PBXBuildFile; fileRef = 9AEA2EA61C13D3CD0075654E /* ChainViewController.swift */; };
		9AEA2EA91C13D3E30075654E /* ChainView.swift in Sources */ = {isa = PBXBuildFile; fileRef = 9AEA2EA81C13D3E30075654E /* ChainView.swift */; };
		9AEA2EAD1C151D220075654E /* LinkModel.swift in Sources */ = {isa = PBXBuildFile; fileRef = 9AEA2EAC1C151D220075654E /* LinkModel.swift */; };
		9AEA2EAF1C1538920075654E /* ChainModel.swift in Sources */ = {isa = PBXBuildFile; fileRef = 9AEA2EAE1C1538920075654E /* ChainModel.swift */; };
/* End PBXBuildFile section */

/* Begin PBXFileReference section */
		9A23E2BC1C0268E7004AB17C /* RootViewController.swift */ = {isa = PBXFileReference; fileEncoding = 4; lastKnownFileType = sourcecode.swift; path = RootViewController.swift; sourceTree = "<group>"; };
		9A23E2BE1C0283AD004AB17C /* InitialView.swift */ = {isa = PBXFileReference; fileEncoding = 4; lastKnownFileType = sourcecode.swift; path = InitialView.swift; sourceTree = "<group>"; };
		9A307CAA1C17E5A30009EC9B /* ChainModelStore.swift */ = {isa = PBXFileReference; fileEncoding = 4; lastKnownFileType = sourcecode.swift; path = ChainModelStore.swift; sourceTree = "<group>"; };
		9AA6BFA71C025FAB000F42F4 /* Chainlink.app */ = {isa = PBXFileReference; explicitFileType = wrapper.application; includeInIndex = 0; path = Chainlink.app; sourceTree = BUILT_PRODUCTS_DIR; };
		9AA6BFAA1C025FAB000F42F4 /* AppDelegate.swift */ = {isa = PBXFileReference; lastKnownFileType = sourcecode.swift; path = AppDelegate.swift; sourceTree = "<group>"; };
		9AA6BFAC1C025FAB000F42F4 /* Chainlink-Prefix.pch */ = {isa = PBXFileReference; lastKnownFileType = sourcecode.c.h; path = "Chainlink-Prefix.pch"; sourceTree = "<group>"; };
		9AA6BFAE1C025FAB000F42F4 /* Assets.xcassets */ = {isa = PBXFileReference; lastKnownFileType = folder.assetcatalog; path = Assets.xcassets; sourceTree = "<group>"; };
		9AA6BFB11C025FAB000F42F4 /* Base */ = {isa = PBXFileReference; lastKnownFileType = file.storyboard; name = Base; path = Base.lproj/LaunchScreen.storyboard; sourceTree = "<group>"; };
		9AA6BFB31C025FAB000F42F4 /* Info.plist */ = {isa = PBXFileReference; lastKnownFileType = text.plist.xml; path = Info.plist; sourceTree = "<group>"; };
		9AEA2EA61C13D3CD0075654E /* ChainViewController.swift */ = {isa = PBXFileReference; fileEncoding = 4; lastKnownFileType = sourcecode.swift; path = ChainViewController.swift; sourceTree = "<group>"; };
		9AEA2EA81C13D3E30075654E /* ChainView.swift */ = {isa = PBXFileReference; fileEncoding = 4; lastKnownFileType = sourcecode.swift; path = ChainView.swift; sourceTree = "<group>"; };
		9AEA2EAC1C151D220075654E /* LinkModel.swift */ = {isa = PBXFileReference; fileEncoding = 4; lastKnownFileType = sourcecode.swift; path = LinkModel.swift; sourceTree = "<group>"; };
		9AEA2EAE1C1538920075654E /* ChainModel.swift */ = {isa = PBXFileReference; fileEncoding = 4; lastKnownFileType = sourcecode.swift; path = ChainModel.swift; sourceTree = "<group>"; };
/* End PBXFileReference section */

/* Begin PBXFrameworksBuildPhase section */
		9AA6BFA41C025FAB000F42F4 /* Frameworks */ = {
			isa = PBXFrameworksBuildPhase;
			buildActionMask = 2147483647;
			files = (
			);
			runOnlyForDeploymentPostprocessing = 0;
		};
/* End PBXFrameworksBuildPhase section */

/* Begin PBXGroup section */
		9A307CAC1C17E6A80009EC9B /* Models */ = {
			isa = PBXGroup;
			children = (
				9AEA2EAC1C151D220075654E /* LinkModel.swift */,
				9AEA2EAE1C1538920075654E /* ChainModel.swift */,
			);
			name = Models;
			sourceTree = "<group>";
		};
		9AA6BF9E1C025FAA000F42F4 = {
			isa = PBXGroup;
			children = (
				9AA6BFA91C025FAB000F42F4 /* Chainlink */,
				9AA6BFA81C025FAB000F42F4 /* Products */,
			);
			sourceTree = "<group>";
		};
		9AA6BFA81C025FAB000F42F4 /* Products */ = {
			isa = PBXGroup;
			children = (
				9AA6BFA71C025FAB000F42F4 /* Chainlink.app */,
			);
			name = Products;
			sourceTree = "<group>";
		};
		9AA6BFA91C025FAB000F42F4 /* Chainlink */ = {
			isa = PBXGroup;
			children = (
				9A307CAC1C17E6A80009EC9B /* Models */,
				9AA6BFAA1C025FAB000F42F4 /* AppDelegate.swift */,
				9A23E2BC1C0268E7004AB17C /* RootViewController.swift */,
				9AA6BFAC1C025FAB000F42F4 /* Chainlink-Prefix.pch */,
				9AA6BFAE1C025FAB000F42F4 /* Assets.xcassets */,
				9AA6BFB01C025FAB000F42F4 /* LaunchScreen.storyboard */,
				9AA6BFB31C025FAB000F42F4 /* Info.plist */,
				9A23E2BE1C0283AD004AB17C /* InitialView.swift */,
				9AEA2EA61C13D3CD0075654E /* ChainViewController.swift */,
				9AEA2EA81C13D3E30075654E /* ChainView.swift */,
				9A307CAA1C17E5A30009EC9B /* ChainModelStore.swift */,
			);
			path = Chainlink;
			sourceTree = "<group>";
		};
/* End PBXGroup section */

/* Begin PBXNativeTarget section */
		9AA6BFA61C025FAB000F42F4 /* Chainlink */ = {
			isa = PBXNativeTarget;
			buildConfigurationList = 9AA6BFB61C025FAB000F42F4 /* Build configuration list for PBXNativeTarget "Chainlink" */;
			buildPhases = (
				9AA6BFA31C025FAB000F42F4 /* Sources */,
				9AA6BFA41C025FAB000F42F4 /* Frameworks */,
				9AA6BFA51C025FAB000F42F4 /* Resources */,
			);
			buildRules = (
			);
			dependencies = (
			);
			name = Chainlink;
			productName = Chainlink;
			productReference = 9AA6BFA71C025FAB000F42F4 /* Chainlink.app */;
			productType = "com.apple.product-type.application";
		};
/* End PBXNativeTarget section */

/* Begin PBXProject section */
		9AA6BF9F1C025FAA000F42F4 /* Project object */ = {
			isa = PBXProject;
			attributes = {
				LastSwiftUpdateCheck = 0710;
				LastUpgradeCheck = 0710;
				ORGANIZATIONNAME = "Ted Kalaw";
				TargetAttributes = {
					9AA6BFA61C025FAB000F42F4 = {
						CreatedOnToolsVersion = 7.1.1;
					};
				};
			};
			buildConfigurationList = 9AA6BFA21C025FAB000F42F4 /* Build configuration list for PBXProject "Chainlink" */;
			compatibilityVersion = "Xcode 3.2";
			developmentRegion = English;
			hasScannedForEncodings = 0;
			knownRegions = (
				en,
				Base,
			);
			mainGroup = 9AA6BF9E1C025FAA000F42F4;
			productRefGroup = 9AA6BFA81C025FAB000F42F4 /* Products */;
			projectDirPath = "";
			projectRoot = "";
			targets = (
				9AA6BFA61C025FAB000F42F4 /* Chainlink */,
			);
		};
/* End PBXProject section */

/* Begin PBXResourcesBuildPhase section */
		9AA6BFA51C025FAB000F42F4 /* Resources */ = {
			isa = PBXResourcesBuildPhase;
			buildActionMask = 2147483647;
			files = (
				9AA6BFB21C025FAB000F42F4 /* LaunchScreen.storyboard in Resources */,
				9AA6BFAF1C025FAB000F42F4 /* Assets.xcassets in Resources */,
				9AA6BFAD1C025FAB000F42F4 /* Chainlink-Prefix.pch in Resources */,
			);
			runOnlyForDeploymentPostprocessing = 0;
		};
/* End PBXResourcesBuildPhase section */

/* Begin PBXSourcesBuildPhase section */
		9AA6BFA31C025FAB000F42F4 /* Sources */ = {
			isa = PBXSourcesBuildPhase;
			buildActionMask = 2147483647;
			files = (
				9AEA2EAD1C151D220075654E /* LinkModel.swift in Sources */,
				9A307CAB1C17E5A30009EC9B /* ChainModelStore.swift in Sources */,
				9A23E2BF1C0283AD004AB17C /* InitialView.swift in Sources */,
				9A23E2BD1C0268E7004AB17C /* RootViewController.swift in Sources */,
				9AEA2EA71C13D3CD0075654E /* ChainViewController.swift in Sources */,
				9AEA2EA91C13D3E30075654E /* ChainView.swift in Sources */,
				9AEA2EAF1C1538920075654E /* ChainModel.swift in Sources */,
				9AA6BFAB1C025FAB000F42F4 /* AppDelegate.swift in Sources */,
			);
			runOnlyForDeploymentPostprocessing = 0;
		};
/* End PBXSourcesBuildPhase section */

/* Begin PBXVariantGroup section */
		9AA6BFB01C025FAB000F42F4 /* LaunchScreen.storyboard */ = {
			isa = PBXVariantGroup;
			children = (
				9AA6BFB11C025FAB000F42F4 /* Base */,
			);
			name = LaunchScreen.storyboard;
			sourceTree = "<group>";
		};
/* End PBXVariantGroup section */

/* Begin XCBuildConfiguration section */
		9AA6BFB41C025FAB000F42F4 /* Debug */ = {
			isa = XCBuildConfiguration;
			buildSettings = {
				ALWAYS_SEARCH_USER_PATHS = NO;
				CLANG_CXX_LANGUAGE_STANDARD = "gnu++0x";
				CLANG_CXX_LIBRARY = "libc++";
				CLANG_ENABLE_MODULES = YES;
				CLANG_ENABLE_OBJC_ARC = YES;
				CLANG_WARN_BOOL_CONVERSION = YES;
				CLANG_WARN_CONSTANT_CONVERSION = YES;
				CLANG_WARN_DIRECT_OBJC_ISA_USAGE = YES_ERROR;
				CLANG_WARN_EMPTY_BODY = YES;
				CLANG_WARN_ENUM_CONVERSION = YES;
				CLANG_WARN_INT_CONVERSION = YES;
				CLANG_WARN_OBJC_ROOT_CLASS = YES_ERROR;
				CLANG_WARN_UNREACHABLE_CODE = YES;
				CLANG_WARN__DUPLICATE_METHOD_MATCH = YES;
				"CODE_SIGN_IDENTITY[sdk=iphoneos*]" = "iPhone Developer";
				COPY_PHASE_STRIP = NO;
				DEBUG_INFORMATION_FORMAT = dwarf;
				ENABLE_STRICT_OBJC_MSGSEND = YES;
				ENABLE_TESTABILITY = YES;
				GCC_C_LANGUAGE_STANDARD = gnu99;
				GCC_DYNAMIC_NO_PIC = NO;
				GCC_NO_COMMON_BLOCKS = YES;
				GCC_OPTIMIZATION_LEVEL = 0;
				GCC_PREPROCESSOR_DEFINITIONS = (
					"DEBUG=1",
					"$(inherited)",
				);
				GCC_WARN_64_TO_32_BIT_CONVERSION = YES;
				GCC_WARN_ABOUT_RETURN_TYPE = YES_ERROR;
				GCC_WARN_UNDECLARED_SELECTOR = YES;
				GCC_WARN_UNINITIALIZED_AUTOS = YES_AGGRESSIVE;
				GCC_WARN_UNUSED_FUNCTION = YES;
				GCC_WARN_UNUSED_VARIABLE = YES;
				IPHONEOS_DEPLOYMENT_TARGET = 9.1;
				MTL_ENABLE_DEBUG_INFO = YES;
				ONLY_ACTIVE_ARCH = YES;
				SDKROOT = iphoneos;
				SWIFT_OPTIMIZATION_LEVEL = "-Onone";
			};
			name = Debug;
		};
		9AA6BFB51C025FAB000F42F4 /* Release */ = {
			isa = XCBuildConfiguration;
			buildSettings = {
				ALWAYS_SEARCH_USER_PATHS = NO;
				CLANG_CXX_LANGUAGE_STANDARD = "gnu++0x";
				CLANG_CXX_LIBRARY = "libc++";
				CLANG_ENABLE_MODULES = YES;
				CLANG_ENABLE_OBJC_ARC = YES;
				CLANG_WARN_BOOL_CONVERSION = YES;
				CLANG_WARN_CONSTANT_CONVERSION = YES;
				CLANG_WARN_DIRECT_OBJC_ISA_USAGE = YES_ERROR;
				CLANG_WARN_EMPTY_BODY = YES;
				CLANG_WARN_ENUM_CONVERSION = YES;
				CLANG_WARN_INT_CONVERSION = YES;
				CLANG_WARN_OBJC_ROOT_CLASS = YES_ERROR;
				CLANG_WARN_UNREACHABLE_CODE = YES;
				CLANG_WARN__DUPLICATE_METHOD_MATCH = YES;
				"CODE_SIGN_IDENTITY[sdk=iphoneos*]" = "iPhone Developer";
				COPY_PHASE_STRIP = NO;
				DEBUG_INFORMATION_FORMAT = "dwarf-with-dsym";
				ENABLE_NS_ASSERTIONS = NO;
				ENABLE_STRICT_OBJC_MSGSEND = YES;
				GCC_C_LANGUAGE_STANDARD = gnu99;
				GCC_NO_COMMON_BLOCKS = YES;
				GCC_WARN_64_TO_32_BIT_CONVERSION = YES;
				GCC_WARN_ABOUT_RETURN_TYPE = YES_ERROR;
				GCC_WARN_UNDECLARED_SELECTOR = YES;
				GCC_WARN_UNINITIALIZED_AUTOS = YES_AGGRESSIVE;
				GCC_WARN_UNUSED_FUNCTION = YES;
				GCC_WARN_UNUSED_VARIABLE = YES;
				IPHONEOS_DEPLOYMENT_TARGET = 9.1;
				MTL_ENABLE_DEBUG_INFO = NO;
				SDKROOT = iphoneos;
				VALIDATE_PRODUCT = YES;
			};
			name = Release;
		};
		9AA6BFB71C025FAB000F42F4 /* Debug */ = {
			isa = XCBuildConfiguration;
			buildSettings = {
				ASSETCATALOG_COMPILER_APPICON_NAME = AppIcon;
				INFOPLIST_FILE = Chainlink/Info.plist;
				LD_RUNPATH_SEARCH_PATHS = "$(inherited) @executable_path/Frameworks";
				PRODUCT_BUNDLE_IDENTIFIER = TK.Chainlink;
				PRODUCT_NAME = "$(TARGET_NAME)";
			};
			name = Debug;
		};
		9AA6BFB81C025FAB000F42F4 /* Release */ = {
			isa = XCBuildConfiguration;
			buildSettings = {
				ASSETCATALOG_COMPILER_APPICON_NAME = AppIcon;
				INFOPLIST_FILE = Chainlink/Info.plist;
				LD_RUNPATH_SEARCH_PATHS = "$(inherited) @executable_path/Frameworks";
				PRODUCT_BUNDLE_IDENTIFIER = TK.Chainlink;
				PRODUCT_NAME = "$(TARGET_NAME)";
			};
			name = Release;
		};
/* End XCBuildConfiguration section */

/* Begin XCConfigurationList section */
		9AA6BFA21C025FAB000F42F4 /* Build configuration list for PBXProject "Chainlink" */ = {
			isa = XCConfigurationList;
			buildConfigurations = (
				9AA6BFB41C025FAB000F42F4 /* Debug */,
				9AA6BFB51C025FAB000F42F4 /* Release */,
			);
			defaultConfigurationIsVisible = 0;
			defaultConfigurationName = Release;
		};
		9AA6BFB61C025FAB000F42F4 /* Build configuration list for PBXNativeTarget "Chainlink" */ = {
			isa = XCConfigurationList;
			buildConfigurations = (
				9AA6BFB71C025FAB000F42F4 /* Debug */,
				9AA6BFB81C025FAB000F42F4 /* Release */,
			);
			defaultConfigurationIsVisible = 0;
			defaultConfigurationName = Release;
		};
/* End XCConfigurationList section */
	};
	rootObject = 9AA6BF9F1C025FAA000F42F4 /* Project object */;
}
